
Microsoft Visual Studio Solution File, Format Version 12.00
# Visual Studio Version 16
VisualStudioVersion = 16.0.30907.101
MinimumVisualStudioVersion = 10.0.40219.1
Project("{FAE04EC0-301F-11D3-BF4B-00C04F79EFBC}") = "DataAccess", "DataAccess\DataAccess.csproj", "{B535A76E-F8CA-4C20-B9C7-69A2CD01F6F8}"
EndProject
Project("{FAE04EC0-301F-11D3-BF4B-00C04F79EFBC}") = "Business", "Business\Business.csproj", "{562A9AFD-C38D-4B75-980A-B6486E659D31}"
EndProject
Project("{FAE04EC0-301F-11D3-BF4B-00C04F79EFBC}") = "Entities", "Entities\Entities.csproj", "{5C140205-53BC-4621-B736-84EAB468C75C}"
EndProject
Project("{FAE04EC0-301F-11D3-BF4B-00C04F79EFBC}") = "ConsoleUI", "ConsoleUI\ConsoleUI.csproj", "{55F1C3F9-F20E-4713-89B6-38642FCBB226}"
EndProject
Global
	GlobalSection(SolutionConfigurationPlatforms) = preSolution
		Debug|Any CPU = Debug|Any CPU
		Release|Any CPU = Release|Any CPU
	EndGlobalSection
	GlobalSection(ProjectConfigurationPlatforms) = postSolution
		{B535A76E-F8CA-4C20-B9C7-69A2CD01F6F8}.Debug|Any CPU.ActiveCfg = Debug|Any CPU
		{B535A76E-F8CA-4C20-B9C7-69A2CD01F6F8}.Debug|Any CPU.Build.0 = Debug|Any CPU
		{B535A76E-F8CA-4C20-B9C7-69A2CD01F6F8}.Release|Any CPU.ActiveCfg = Release|Any CPU
		{B535A76E-F8CA-4C20-B9C7-69A2CD01F6F8}.Release|Any CPU.Build.0 = Release|Any CPU
		{562A9AFD-C38D-4B75-980A-B6486E659D31}.Debug|Any CPU.ActiveCfg = Debug|Any CPU
		{562A9AFD-C38D-4B75-980A-B6486E659D31}.Debug|Any CPU.Build.0 = Debug|Any CPU
		{562A9AFD-C38D-4B75-980A-B6486E659D31}.Release|Any CPU.ActiveCfg = Release|Any CPU
		{562A9AFD-C38D-4B75-980A-B6486E659D31}.Release|Any CPU.Build.0 = Release|Any CPU
		{5C140205-53BC-4621-B736-84EAB468C75C}.Debug|Any CPU.ActiveCfg = Debug|Any CPU
		{5C140205-53BC-4621-B736-84EAB468C75C}.Debug|Any CPU.Build.0 = Debug|Any CPU
		{5C140205-53BC-4621-B736-84EAB468C75C}.Release|Any CPU.ActiveCfg = Release|Any CPU
		{5C140205-53BC-4621-B736-84EAB468C75C}.Release|Any CPU.Build.0 = Release|Any CPU
		{55F1C3F9-F20E-4713-89B6-38642FCBB226}.Debug|Any CPU.ActiveCfg = Debug|Any CPU
		{55F1C3F9-F20E-4713-89B6-38642FCBB226}.Debug|Any CPU.Build.0 = Debug|Any CPU
		{55F1C3F9-F20E-4713-89B6-38642FCBB226}.Release|Any CPU.ActiveCfg = Release|Any CPU
		{55F1C3F9-F20E-4713-89B6-38642FCBB226}.Release|Any CPU.Build.0 = Release|Any CPU
	EndGlobalSection
	GlobalSection(SolutionProperties) = preSolution
		HideSolutionNode = FALSE
	EndGlobalSection
	GlobalSection(ExtensibilityGlobals) = postSolution
		SolutionGuid = {8BF19645-1D67-4265-B698-729C143D8205}
	EndGlobalSection
EndGlobal
